
Microsoft Visual Studio Solution File, Format Version 12.00
# Visual Studio Version 17
VisualStudioVersion = 17.7.34221.43
MinimumVisualStudioVersion = 10.0.40219.1
Project("{FAE04EC0-301F-11D3-BF4B-00C04F79EFBC}") = "NewQT1", "NewQT1.csproj", "{FDCE03CD-4244-4F5A-A3E5-769803A678D7}"
EndProject
Global
	GlobalSection(SolutionConfigurationPlatforms) = preSolution
		Debug|Any CPU = Debug|Any CPU
		Release|Any CPU = Release|Any CPU
	EndGlobalSection
	GlobalSection(ProjectConfigurationPlatforms) = postSolution
		{FDCE03CD-4244-4F5A-A3E5-769803A678D7}.Debug|Any CPU.ActiveCfg = Debug|Any CPU
		{FDCE03CD-4244-4F5A-A3E5-769803A678D7}.Debug|Any CPU.Build.0 = Debug|Any CPU
		{FDCE03CD-4244-4F5A-A3E5-769803A678D7}.Release|Any CPU.ActiveCfg = Release|Any CPU
		{FDCE03CD-4244-4F5A-A3E5-769803A678D7}.Release|Any CPU.Build.0 = Release|Any CPU
	EndGlobalSection
	GlobalSection(SolutionProperties) = preSolution
		HideSolutionNode = FALSE
	EndGlobalSection
	GlobalSection(ExtensibilityGlobals) = postSolution
		SolutionGuid = {28BF17C3-CF62-4080-9DC9-C29411093EE3}
	EndGlobalSection
EndGlobal
